absl-py==2.5.0
annotated-types==0.8.0
apted==1.0.3
certifi==2026.7.22
charset-normalizer==3.5.2
contourpy==1.4.0
cuda-bindings==13.4.3
cuda-pathfinder==1.8.3
cuda-toolkit==13.0.2
cycler==0.12.1
filelock==4.0.12
fonttools==4.66.1
fsspec==2026.9.0
grpcio==1.84.0
idna==3.20
iniconfig==2.3.0
Jinja2==3.1.6
kiwisolver==1.5.1
Markdown==3.11
MarkupSafe==3.0.4
matplotlib==3.11.2
mmpdb==2.1
MolVS==0.1.1
mpmath==1.3.0
networkx==3.7
numpy==2.5.3
nvidia-cublas==13.1.1.3
nvidia-cuda-cupti==13.0.85
nvidia-cuda-nvrtc==13.0.88
nvidia-cuda-runtime==13.0.96
nvidia-cudnn-cu13==9.20.0.48
nvidia-cufft==12.0.0.61
nvidia-cufile==1.15.1.6
nvidia-curand==10.4.0.35
nvidia-cusolver==12.0.4.66
nvidia-cusparse==12.6.3.3
nvidia-cusparselt-cu13==0.8.1
nvidia-nccl-cu13==2.29.7
nvidia-nvjitlink==13.0.88
nvidia-nvshmem-cu13==3.4.5
nvidia-nvtx==13.0.85
packaging==26.3
pandas==3.0.6
pillow==12.3.0
pluggy==1.6.0
polars==1.44.2
polars-runtime-32==1.44.2
protobuf==7.36.2
pumas==1.3.0
pydantic==2.13.5
pydantic_core==2.46.5
Pygments==2.21.0
pyparsing==3.3.3
pytest==9.1.1
pytest-mock==3.16.0
python-dateutil==2.9.0.post0
python-dotenv==1.2.4
PyYAML==6.0.3
rdkit==2026.3.6
reinvent @ git+https://github.com/MolecularAI/REINVENT4.git@80a8d21aefd9c0d3ec806377522effb30cfca12a
requests==2.34.2
scipy==1.18.1
setuptools==81.0.0
six==1.17.0
sympy==1.14.0
tensorboard==2.21.0
tensorboard-data-server==0.7.2
torch==2.12.0
torchvision==0.27.0
tqdm==4.70.1
triton==3.7.0
typing-inspection==0.4.4
typing_extensions==4.16.0
urllib3==2.8.0
Werkzeug==3.1.9
xxhash==3.8.1
